
Microsoft Visual Studio Solution File, Format Version 12.00
# Visual Studio 15
VisualStudioVersion = 15.0.26228.12
MinimumVisualStudioVersion = 10.0.40219.1
Project("{FAE04EC0-301F-11D3-BF4B-00C04F79EFBC}") = "Tavisca181.Host", "Tavisca181\Tavisca181.Host\Tavisca181.Host.csproj", "{1B5C71F6-88F0-44A7-A6F3-7FEACCDFE5A2}"
EndProject
Project("{FAE04EC0-301F-11D3-BF4B-00C04F79EFBC}") = "Tavisca181", "Tavisca181\Tavisca181\Tavisca181.csproj", "{AE6C448D-6336-4DF3-AA0F-25C9B1C6B0CB}"
EndProject
Project("{FAE04EC0-301F-11D3-BF4B-00C04F79EFBC}") = "Tavisca181.TestSuite", "Tavisca181\Tavisca181.TestSuite\Tavisca181.TestSuite.csproj", "{E167ED22-DB24-4218-94A5-03271AAA3A08}"
EndProject
Global
	GlobalSection(SolutionConfigurationPlatforms) = preSolution
		Debug|Any CPU = Debug|Any CPU
		Release|Any CPU = Release|Any CPU
	EndGlobalSection
	GlobalSection(ProjectConfigurationPlatforms) = postSolution
		{1B5C71F6-88F0-44A7-A6F3-7FEACCDFE5A2}.Debug|Any CPU.ActiveCfg = Debug|Any CPU
		{1B5C71F6-88F0-44A7-A6F3-7FEACCDFE5A2}.Debug|Any CPU.Build.0 = Debug|Any CPU
		{1B5C71F6-88F0-44A7-A6F3-7FEACCDFE5A2}.Release|Any CPU.ActiveCfg = Release|Any CPU
		{1B5C71F6-88F0-44A7-A6F3-7FEACCDFE5A2}.Release|Any CPU.Build.0 = Release|Any CPU
		{AE6C448D-6336-4DF3-AA0F-25C9B1C6B0CB}.Debug|Any CPU.ActiveCfg = Debug|Any CPU
		{AE6C448D-6336-4DF3-AA0F-25C9B1C6B0CB}.Debug|Any CPU.Build.0 = Debug|Any CPU
		{AE6C448D-6336-4DF3-AA0F-25C9B1C6B0CB}.Release|Any CPU.ActiveCfg = Release|Any CPU
		{AE6C448D-6336-4DF3-AA0F-25C9B1C6B0CB}.Release|Any CPU.Build.0 = Release|Any CPU
		{E167ED22-DB24-4218-94A5-03271AAA3A08}.Debug|Any CPU.ActiveCfg = Debug|Any CPU
		{E167ED22-DB24-4218-94A5-03271AAA3A08}.Debug|Any CPU.Build.0 = Debug|Any CPU
		{E167ED22-DB24-4218-94A5-03271AAA3A08}.Release|Any CPU.ActiveCfg = Release|Any CPU
		{E167ED22-DB24-4218-94A5-03271AAA3A08}.Release|Any CPU.Build.0 = Release|Any CPU
	EndGlobalSection
	GlobalSection(SolutionProperties) = preSolution
		HideSolutionNode = FALSE
	EndGlobalSection
EndGlobal
